// !$*UTF8*$!
{
	archiveVersion = 1;
	classes = {
	};
	objectVersion = 77;
	objects = {

/* Begin PBXBuildFile section */
		E805C1502E508611005B69A4 /* MineSweeper.framework in Frameworks */ = {isa = PBXBuildFile; fileRef = E805C14F2E508611005B69A4 /* MineSweeper.framework */; };
		E805C1512E508611005B69A4 /* MineSweeper.framework in Embed Frameworks */ = {isa = PBXBuildFile; fileRef = E805C14F2E508611005B69A4 /* MineSweeper.framework */; settings = {ATTRIBUTES = (CodeSignOnCopy, RemoveHeadersOnCopy, ); }; };
		E81FF8D62E5F8CE90078EB22 /* Snake.framework in Frameworks */ = {isa = PBXBuildFile; fileRef = E81FF8D52E5F8CE90078EB22 /* Snake.framework */; };
		E81FF8D72E5F8CE90078EB22 /* Snake.framework in Embed Frameworks */ = {isa = PBXBuildFile; fileRef = E81FF8D52E5F8CE90078EB22 /* Snake.framework */; settings = {ATTRIBUTES = (CodeSignOnCopy, RemoveHeadersOnCopy, ); }; };
		E82346DE2E49F76B00BF34CB /* SharedComponents.framework in Frameworks */ = {isa = PBXBuildFile; fileRef = E82346DC2E49F75600BF34CB /* SharedComponents.framework */; };
		E82346DF2E49F76B00BF34CB /* SharedComponents.framework in Embed Frameworks */ = {isa = PBXBuildFile; fileRef = E82346DC2E49F75600BF34CB /* SharedComponents.framework */; settings = {ATTRIBUTES = (CodeSignOnCopy, RemoveHeadersOnCopy, ); }; };
		E85413EA2E57543300CFC667 /* AdventureGame.framework in Frameworks */ = {isa = PBXBuildFile; fileRef = E85413E92E57543300CFC667 /* AdventureGame.framework */; };
		E85413EB2E57543300CFC667 /* AdventureGame.framework in Embed Frameworks */ = {isa = PBXBuildFile; fileRef = E85413E92E57543300CFC667 /* AdventureGame.framework */; settings = {ATTRIBUTES = (CodeSignOnCopy, RemoveHeadersOnCopy, ); }; };
		E87CA3B62E5CE8BD001459A0 /* MatchedPairs.framework in Frameworks */ = {isa = PBXBuildFile; fileRef = E87CA3B52E5CE8BD001459A0 /* MatchedPairs.framework */; };
		E87CA3B72E5CE8BD001459A0 /* MatchedPairs.framework in Embed Frameworks */ = {isa = PBXBuildFile; fileRef = E87CA3B52E5CE8BD001459A0 /* MatchedPairs.framework */; settings = {ATTRIBUTES = (CodeSignOnCopy, RemoveHeadersOnCopy, ); }; };
		E87CA3F42E5CF76C001459A0 /* WordSearch.framework in Frameworks */ = {isa = PBXBuildFile; fileRef = E87CA3F32E5CF76C001459A0 /* WordSearch.framework */; };
		E87CA3F52E5CF76C001459A0 /* WordSearch.framework in Embed Frameworks */ = {isa = PBXBuildFile; fileRef = E87CA3F32E5CF76C001459A0 /* WordSearch.framework */; settings = {ATTRIBUTES = (CodeSignOnCopy, RemoveHeadersOnCopy, ); }; };
		E88D54142E54A26C001ECD5E /* NumberCombinations.framework in Frameworks */ = {isa = PBXBuildFile; fileRef = E88D54132E54A26C001ECD5E /* NumberCombinations.framework */; };
		E88D54152E54A26C001ECD5E /* NumberCombinations.framework in Embed Frameworks */ = {isa = PBXBuildFile; fileRef = E88D54132E54A26C001ECD5E /* NumberCombinations.framework */; settings = {ATTRIBUTES = (CodeSignOnCopy, RemoveHeadersOnCopy, ); }; };
		E88D54432E54AEC5001ECD5E /* TicTacToe.framework in Frameworks */ = {isa = PBXBuildFile; fileRef = E88D54422E54AEC5001ECD5E /* TicTacToe.framework */; };
		E88D54442E54AEC5001ECD5E /* TicTacToe.framework in Embed Frameworks */ = {isa = PBXBuildFile; fileRef = E88D54422E54AEC5001ECD5E /* TicTacToe.framework */; settings = {ATTRIBUTES = (CodeSignOnCopy, RemoveHeadersOnCopy, ); }; };
		E88D54732E54B3C1001ECD5E /* Othello.framework in Frameworks */ = {isa = PBXBuildFile; fileRef = E88D54722E54B3C1001ECD5E /* Othello.framework */; };
		E88D54742E54B3C1001ECD5E /* Othello.framework in Embed Frameworks */ = {isa = PBXBuildFile; fileRef = E88D54722E54B3C1001ECD5E /* Othello.framework */; settings = {ATTRIBUTES = (CodeSignOnCopy, RemoveHeadersOnCopy, ); }; };
		E8FF0DEC2E50C0FA00D24375 /* WordCraft.framework in Frameworks */ = {isa = PBXBuildFile; fileRef = E8FF0DEB2E50C0FA00D24375 /* WordCraft.framework */; };
		E8FF0DED2E50C0FA00D24375 /* WordCraft.framework in Embed Frameworks */ = {isa = PBXBuildFile; fileRef = E8FF0DEB2E50C0FA00D24375 /* WordCraft.framework */; settings = {ATTRIBUTES = (CodeSignOnCopy, RemoveHeadersOnCopy, ); }; };
/* End PBXBuildFile section */

/* Begin PBXContainerItemProxy section */
		E82346DB2E49F75600BF34CB /* PBXContainerItemProxy */ = {
			isa = PBXContainerItemProxy;
			containerPortal = E8D25AE52E49F71800F29757 /* SharedComponents.xcodeproj */;
			proxyType = 2;
			remoteGlobalIDString = E8D25ADB2E49F71800F29757;
			remoteInfo = SharedComponents;
		};
/* End PBXContainerItemProxy section */

/* Begin PBXCopyFilesBuildPhase section */
		E82346E02E49F76B00BF34CB /* Embed Frameworks */ = {
			isa = PBXCopyFilesBuildPhase;
			buildActionMask = 2147483647;
			dstPath = "";
			dstSubfolderSpec = 10;
			files = (
				E82346DF2E49F76B00BF34CB /* SharedComponents.framework in Embed Frameworks */,
				E805C1512E508611005B69A4 /* MineSweeper.framework in Embed Frameworks */,
				E8FF0DED2E50C0FA00D24375 /* WordCraft.framework in Embed Frameworks */,
				E88D54152E54A26C001ECD5E /* NumberCombinations.framework in Embed Frameworks */,
				E88D54742E54B3C1001ECD5E /* Othello.framework in Embed Frameworks */,
				E81FF8D72E5F8CE90078EB22 /* Snake.framework in Embed Frameworks */,
				E87CA3F52E5CF76C001459A0 /* WordSearch.framework in Embed Frameworks */,
				E85413EB2E57543300CFC667 /* AdventureGame.framework in Embed Frameworks */,
				E88D54442E54AEC5001ECD5E /* TicTacToe.framework in Embed Frameworks */,
				E87CA3B72E5CE8BD001459A0 /* MatchedPairs.framework in Embed Frameworks */,
			);
			name = "Embed Frameworks";
			runOnlyForDeploymentPostprocessing = 0;
		};
/* End PBXCopyFilesBuildPhase section */

/* Begin PBXFileReference section */
		E805C13E2E508528005B69A4 /* MineSweeper.xcodeproj */ = {isa = PBXFileReference; lastKnownFileType = "wrapper.pb-project"; name = MineSweeper.xcodeproj; path = ../MineSweeper/MineSweeper.xcodeproj; sourceTree = SOURCE_ROOT; };
		E805C14F2E508611005B69A4 /* MineSweeper.framework */ = {isa = PBXFileReference; explicitFileType = wrapper.framework; path = MineSweeper.framework; sourceTree = BUILT_PRODUCTS_DIR; };
		E81FF8C82E5F8B090078EB22 /* Snake.xcodeproj */ = {isa = PBXFileReference; lastKnownFileType = "wrapper.pb-project"; name = Snake.xcodeproj; path = ../Snake/Snake.xcodeproj; sourceTree = SOURCE_ROOT; };
		E81FF8D52E5F8CE90078EB22 /* Snake.framework */ = {isa = PBXFileReference; explicitFileType = wrapper.framework; path = Snake.framework; sourceTree = BUILT_PRODUCTS_DIR; };
		E85413DC2E5753E000CFC667 /* AdventureGame.xcodeproj */ = {isa = PBXFileReference; lastKnownFileType = "wrapper.pb-project"; name = AdventureGame.xcodeproj; path = ../AdventureGame/AdventureGame.xcodeproj; sourceTree = SOURCE_ROOT; };
		E85413E92E57543300CFC667 /* AdventureGame.framework */ = {isa = PBXFileReference; explicitFileType = wrapper.framework; path = AdventureGame.framework; sourceTree = BUILT_PRODUCTS_DIR; };
		E87CA3812E5CE85B001459A0 /* MatchedPairs.xcodeproj */ = {isa = PBXFileReference; lastKnownFileType = "wrapper.pb-project"; name = MatchedPairs.xcodeproj; path = ../MatchedPairs/MatchedPairs.xcodeproj; sourceTree = SOURCE_ROOT; };
		E87CA3B52E5CE8BD001459A0 /* MatchedPairs.framework */ = {isa = PBXFileReference; explicitFileType = wrapper.framework; path = MatchedPairs.framework; sourceTree = BUILT_PRODUCTS_DIR; };
		E87CA3B82E5CF709001459A0 /* WordSearch.xcodeproj */ = {isa = PBXFileReference; lastKnownFileType = "wrapper.pb-project"; name = WordSearch.xcodeproj; path = ../WordSearch/WordSearch.xcodeproj; sourceTree = SOURCE_ROOT; };
		E87CA3F32E5CF76C001459A0 /* WordSearch.framework */ = {isa = PBXFileReference; explicitFileType = wrapper.framework; path = WordSearch.framework; sourceTree = BUILT_PRODUCTS_DIR; };
		E88D53F02E54A20F001ECD5E /* NumberCombinations.xcodeproj */ = {isa = PBXFileReference; lastKnownFileType = "wrapper.pb-project"; name = NumberCombinations.xcodeproj; path = ../NumberCombinations/NumberCombinations.xcodeproj; sourceTree = SOURCE_ROOT; };
		E88D54132E54A26C001ECD5E /* NumberCombinations.framework */ = {isa = PBXFileReference; explicitFileType = wrapper.framework; path = NumberCombinations.framework; sourceTree = BUILT_PRODUCTS_DIR; };
		E88D541A2E54AE66001ECD5E /* TicTacToe.xcodeproj */ = {isa = PBXFileReference; lastKnownFileType = "wrapper.pb-project"; name = TicTacToe.xcodeproj; path = ../TicTacToe/TicTacToe.xcodeproj; sourceTree = SOURCE_ROOT; };
		E88D54422E54AEC5001ECD5E /* TicTacToe.framework */ = {isa = PBXFileReference; explicitFileType = wrapper.framework; path = TicTacToe.framework; sourceTree = BUILT_PRODUCTS_DIR; };
		E88D54452E54B343001ECD5E /* Othello.xcodeproj */ = {isa = PBXFileReference; lastKnownFileType = "wrapper.pb-project"; name = Othello.xcodeproj; path = ../Othello/Othello.xcodeproj; sourceTree = SOURCE_ROOT; };
		E88D54722E54B3C1001ECD5E /* Othello.framework */ = {isa = PBXFileReference; explicitFileType = wrapper.framework; path = Othello.framework; sourceTree = BUILT_PRODUCTS_DIR; };
		E8D25AE52E49F71800F29757 /* SharedComponents.xcodeproj */ = {isa = PBXFileReference; lastKnownFileType = "wrapper.pb-project"; name = SharedComponents.xcodeproj; path = ../SharedComponents/SharedComponents.xcodeproj; sourceTree = SOURCE_ROOT; };
		E8DB6CBB2E49F69900A351A8 /* TimeWasters.app */ = {isa = PBXFileReference; explicitFileType = wrapper.application; includeInIndex = 0; path = TimeWasters.app; sourceTree = BUILT_PRODUCTS_DIR; };
		E8FF0DDF2E50C0BE00D24375 /* WordCraft.xcodeproj */ = {isa = PBXFileReference; lastKnownFileType = "wrapper.pb-project"; name = WordCraft.xcodeproj; path = ../WordCraft/WordCraft.xcodeproj; sourceTree = SOURCE_ROOT; };
		E8FF0DEB2E50C0FA00D24375 /* WordCraft.framework */ = {isa = PBXFileReference; explicitFileType = wrapper.framework; path = WordCraft.framework; sourceTree = BUILT_PRODUCTS_DIR; };
/* End PBXFileReference section */

/* Begin PBXFileSystemSynchronizedBuildFileExceptionSet section */
		E8618FD92E7499500087B9E0 /* Exceptions for "TimeWasters" folder in "TimeWasters" target */ = {
			isa = PBXFileSystemSynchronizedBuildFileExceptionSet;
			membershipExceptions = (
				Info.plist,
			);
			target = E8DB6CBA2E49F69900A351A8 /* TimeWasters */;
		};
/* End PBXFileSystemSynchronizedBuildFileExceptionSet section */

/* Begin PBXFileSystemSynchronizedRootGroup section */
		E8298B8D2E49FE5A00803FE0 /* TimeWasters */ = {
			isa = PBXFileSystemSynchronizedRootGroup;
			exceptions = (
				E8618FD92E7499500087B9E0 /* Exceptions for "TimeWasters" folder in "TimeWasters" target */,
			);
			path = TimeWasters;
			sourceTree = "<group>";
		};
/* End PBXFileSystemSynchronizedRootGroup section */

/* Begin PBXFrameworksBuildPhase section */
		E8DB6CB82E49F69900A351A8 /* Frameworks */ = {
			isa = PBXFrameworksBuildPhase;
			buildActionMask = 2147483647;
			files = (
				E82346DE2E49F76B00BF34CB /* SharedComponents.framework in Frameworks */,
				E805C1502E508611005B69A4 /* MineSweeper.framework in Frameworks */,
				E8FF0DEC2E50C0FA00D24375 /* WordCraft.framework in Frameworks */,
				E88D54142E54A26C001ECD5E /* NumberCombinations.framework in Frameworks */,
				E88D54732E54B3C1001ECD5E /* Othello.framework in Frameworks */,
				E81FF8D62E5F8CE90078EB22 /* Snake.framework in Frameworks */,
				E87CA3F42E5CF76C001459A0 /* WordSearch.framework in Frameworks */,
				E85413EA2E57543300CFC667 /* AdventureGame.framework in Frameworks */,
				E88D54432E54AEC5001ECD5E /* TicTacToe.framework in Frameworks */,
				E87CA3B62E5CE8BD001459A0 /* MatchedPairs.framework in Frameworks */,
			);
			runOnlyForDeploymentPostprocessing = 0;
		};
/* End PBXFrameworksBuildPhase section */

/* Begin PBXGroup section */
		E8046A3C2E5DF140000A033C /* Products */ = {
			isa = PBXGroup;
			children = (
			);
			name = Products;
			sourceTree = "<group>";
		};
		E8046A412E5DF140000A033C /* Products */ = {
			isa = PBXGroup;
			children = (
			);
			name = Products;
			sourceTree = "<group>";
		};
		E809594B2E5F930F00BEB1C3 /* Products */ = {
			isa = PBXGroup;
			children = (
			);
			name = Products;
			sourceTree = "<group>";
		};
		E82346DD2E49F76B00BF34CB /* Frameworks */ = {
			isa = PBXGroup;
			children = (
				E81FF8D52E5F8CE90078EB22 /* Snake.framework */,
				E87CA3F32E5CF76C001459A0 /* WordSearch.framework */,
				E87CA3B52E5CE8BD001459A0 /* MatchedPairs.framework */,
				E85413E92E57543300CFC667 /* AdventureGame.framework */,
				E88D54722E54B3C1001ECD5E /* Othello.framework */,
				E88D54422E54AEC5001ECD5E /* TicTacToe.framework */,
				E88D54132E54A26C001ECD5E /* NumberCombinations.framework */,
				E8FF0DEB2E50C0FA00D24375 /* WordCraft.framework */,
				E805C14F2E508611005B69A4 /* MineSweeper.framework */,
			);
			name = Frameworks;
			sourceTree = "<group>";
		};
		E84376F92E5C86A8009900CF /* Products */ = {
			isa = PBXGroup;
			children = (
			);
			name = Products;
			sourceTree = "<group>";
		};
		E850C31F2E54C1280046C253 /* Products */ = {
			isa = PBXGroup;
			children = (
			);
			name = Products;
			sourceTree = "<group>";
		};
		E850C3602E54C1280046C253 /* Products */ = {
			isa = PBXGroup;
			children = (
			);
			name = Products;
			sourceTree = "<group>";
		};
		E850C3652E54C1280046C253 /* Products */ = {
			isa = PBXGroup;
			children = (
			);
			name = Products;
			sourceTree = "<group>";
		};
		E88D53782E549B78001ECD5E /* Products */ = {
			isa = PBXGroup;
			children = (
			);
			name = Products;
			sourceTree = "<group>";
		};
		E8D25AE82E49F71900F29757 /* Products */ = {
			isa = PBXGroup;
			children = (
				E82346DC2E49F75600BF34CB /* SharedComponents.framework */,
			);
			name = Products;
			sourceTree = "<group>";
		};
		E8DB6CB22E49F69900A351A8 = {
			isa = PBXGroup;
			children = (
				E8298B8D2E49FE5A00803FE0 /* TimeWasters */,
				E85413DC2E5753E000CFC667 /* AdventureGame.xcodeproj */,
				E8D25AE52E49F71800F29757 /* SharedComponents.xcodeproj */,
				E805C13E2E508528005B69A4 /* MineSweeper.xcodeproj */,
				E88D53F02E54A20F001ECD5E /* NumberCombinations.xcodeproj */,
				E88D54452E54B343001ECD5E /* Othello.xcodeproj */,
				E88D541A2E54AE66001ECD5E /* TicTacToe.xcodeproj */,
				E87CA3812E5CE85B001459A0 /* MatchedPairs.xcodeproj */,
				E8FF0DDF2E50C0BE00D24375 /* WordCraft.xcodeproj */,
				E87CA3B82E5CF709001459A0 /* WordSearch.xcodeproj */,
				E81FF8C82E5F8B090078EB22 /* Snake.xcodeproj */,
				E82346DD2E49F76B00BF34CB /* Frameworks */,
				E8DB6CBC2E49F69900A351A8 /* Products */,
			);
			sourceTree = "<group>";
		};
		E8DB6CBC2E49F69900A351A8 /* Products */ = {
			isa = PBXGroup;
			children = (
				E8DB6CBB2E49F69900A351A8 /* TimeWasters.app */,
			);
			name = Products;
			sourceTree = "<group>";
		};
		E8FF0DD72E50C06600D24375 /* Products */ = {
			isa = PBXGroup;
			children = (
			);
			name = Products;
			sourceTree = "<group>";
		};
/* End PBXGroup section */

/* Begin PBXNativeTarget section */
		E8DB6CBA2E49F69900A351A8 /* TimeWasters */ = {
			isa = PBXNativeTarget;
			buildConfigurationList = E8DB6CC62E49F69A00A351A8 /* Build configuration list for PBXNativeTarget "TimeWasters" */;
			buildPhases = (
				E8DB6CB72E49F69900A351A8 /* Sources */,
				E8DB6CB82E49F69900A351A8 /* Frameworks */,
				E8DB6CB92E49F69900A351A8 /* Resources */,
				E82346E02E49F76B00BF34CB /* Embed Frameworks */,
				E80B4E312E4DE7740031E788 /* SwiftLint */,
			);
			buildRules = (
			);
			dependencies = (
			);
			fileSystemSynchronizedGroups = (
				E8298B8D2E49FE5A00803FE0 /* TimeWasters */,
			);
			name = TimeWasters;
			packageProductDependencies = (
			);
			productName = TimeWasters;
			productReference = E8DB6CBB2E49F69900A351A8 /* TimeWasters.app */;
			productType = "com.apple.product-type.application";
		};
/* End PBXNativeTarget section */

/* Begin PBXProject section */
		E8DB6CB32E49F69900A351A8 /* Project object */ = {
			isa = PBXProject;
			attributes = {
				BuildIndependentTargetsInParallel = 1;
				LastSwiftUpdateCheck = 1640;
				LastUpgradeCheck = 1640;
				TargetAttributes = {
					E8DB6CBA2E49F69900A351A8 = {
						CreatedOnToolsVersion = 16.4;
					};
				};
			};
			buildConfigurationList = E8DB6CB62E49F69900A351A8 /* Build configuration list for PBXProject "TimeWasters" */;
			developmentRegion = en;
			hasScannedForEncodings = 0;
			knownRegions = (
				en,
				Base,
			);
			mainGroup = E8DB6CB22E49F69900A351A8;
			minimizedProjectReferenceProxies = 1;
			preferredProjectObjectVersion = 77;
			productRefGroup = E8DB6CBC2E49F69900A351A8 /* Products */;
			projectDirPath = "";
			projectReferences = (
				{
					ProductGroup = E84376F92E5C86A8009900CF /* Products */;
					ProjectRef = E85413DC2E5753E000CFC667 /* AdventureGame.xcodeproj */;
				},
				{
					ProductGroup = E8046A412E5DF140000A033C /* Products */;
					ProjectRef = E87CA3812E5CE85B001459A0 /* MatchedPairs.xcodeproj */;
				},
				{
					ProductGroup = E8FF0DD72E50C06600D24375 /* Products */;
					ProjectRef = E805C13E2E508528005B69A4 /* MineSweeper.xcodeproj */;
				},
				{
					ProductGroup = E850C3602E54C1280046C253 /* Products */;
					ProjectRef = E88D53F02E54A20F001ECD5E /* NumberCombinations.xcodeproj */;
				},
				{
					ProductGroup = E850C31F2E54C1280046C253 /* Products */;
					ProjectRef = E88D54452E54B343001ECD5E /* Othello.xcodeproj */;
				},
				{
					ProductGroup = E8D25AE82E49F71900F29757 /* Products */;
					ProjectRef = E8D25AE52E49F71800F29757 /* SharedComponents.xcodeproj */;
				},
				{
					ProductGroup = E809594B2E5F930F00BEB1C3 /* Products */;
					ProjectRef = E81FF8C82E5F8B090078EB22 /* Snake.xcodeproj */;
				},
				{
					ProductGroup = E850C3652E54C1280046C253 /* Products */;
					ProjectRef = E88D541A2E54AE66001ECD5E /* TicTacToe.xcodeproj */;
				},
				{
					ProductGroup = E88D53782E549B78001ECD5E /* Products */;
					ProjectRef = E8FF0DDF2E50C0BE00D24375 /* WordCraft.xcodeproj */;
				},
				{
					ProductGroup = E8046A3C2E5DF140000A033C /* Products */;
					ProjectRef = E87CA3B82E5CF709001459A0 /* WordSearch.xcodeproj */;
				},
			);
			projectRoot = "";
			targets = (
				E8DB6CBA2E49F69900A351A8 /* TimeWasters */,
			);
		};
/* End PBXProject section */

/* Begin PBXReferenceProxy section */
		E82346DC2E49F75600BF34CB /* SharedComponents.framework */ = {
			isa = PBXReferenceProxy;
			fileType = wrapper.framework;
			path = SharedComponents.framework;
			remoteRef = E82346DB2E49F75600BF34CB /* PBXContainerItemProxy */;
			sourceTree = BUILT_PRODUCTS_DIR;
		};
/* End PBXReferenceProxy section */

/* Begin PBXResourcesBuildPhase section */
		E8DB6CB92E49F69900A351A8 /* Resources */ = {
			isa = PBXResourcesBuildPhase;
			buildActionMask = 2147483647;
			files = (
			);
			runOnlyForDeploymentPostprocessing = 0;
		};
/* End PBXResourcesBuildPhase section */

/* Begin PBXShellScriptBuildPhase section */
		E80B4E312E4DE7740031E788 /* SwiftLint */ = {
			isa = PBXShellScriptBuildPhase;
			alwaysOutOfDate = 1;
			buildActionMask = 2147483647;
			files = (
			);
			inputFileListPaths = (
			);
			inputPaths = (
			);
			name = SwiftLint;
			outputFileListPaths = (
			);
			outputPaths = (
			);
			runOnlyForDeploymentPostprocessing = 0;
			shellPath = /bin/sh;
			shellScript = "if [[ \"$(uname -m)\" == arm64 ]]; then\n    export PATH=\"/opt/homebrew/bin:$PATH\"\nfi\n\nif which swiftlint > /dev/null; then\n  swiftlint\nelse\n  echo \"warning: SwiftLint not installed, download from https://github.com/realm/SwiftLint\"\nfi\n";
		};
/* End PBXShellScriptBuildPhase section */

/* Begin PBXSourcesBuildPhase section */
		E8DB6CB72E49F69900A351A8 /* Sources */ = {
			isa = PBXSourcesBuildPhase;
			buildActionMask = 2147483647;
			files = (
			);
			runOnlyForDeploymentPostprocessing = 0;
		};
/* End PBXSourcesBuildPhase section */

/* Begin XCBuildConfiguration section */
		E8DB6CC42E49F69A00A351A8 /* Debug */ = {
			isa = XCBuildConfiguration;
			buildSettings = {
				ALWAYS_SEARCH_USER_PATHS = NO;
				ASSETCATALOG_COMPILER_GENERATE_SWIFT_ASSET_SYMBOL_EXTENSIONS = YES;
				CLANG_ANALYZER_NONNULL = YES;
				CLANG_ANALYZER_NUMBER_OBJECT_CONVERSION = YES_AGGRESSIVE;
				CLANG_CXX_LANGUAGE_STANDARD = "gnu++20";
				CLANG_ENABLE_MODULES = YES;
				CLANG_ENABLE_OBJC_ARC = YES;
				CLANG_ENABLE_OBJC_WEAK = YES;
				CLANG_WARN_BLOCK_CAPTURE_AUTORELEASING = YES;
				CLANG_WARN_BOOL_CONVERSION = YES;
				CLANG_WARN_COMMA = YES;
				CLANG_WARN_CONSTANT_CONVERSION = YES;
				CLANG_WARN_DEPRECATED_OBJC_IMPLEMENTATIONS = YES;
				CLANG_WARN_DIRECT_OBJC_ISA_USAGE = YES_ERROR;
				CLANG_WARN_DOCUMENTATION_COMMENTS = YES;
				CLANG_WARN_EMPTY_BODY = YES;
				CLANG_WARN_ENUM_CONVERSION = YES;
				CLANG_WARN_INFINITE_RECURSION = YES;
				CLANG_WARN_INT_CONVERSION = YES;
				CLANG_WARN_NON_LITERAL_NULL_CONVERSION = YES;
				CLANG_WARN_OBJC_IMPLICIT_RETAIN_SELF = YES;
				CLANG_WARN_OBJC_LITERAL_CONVERSION = YES;
				CLANG_WARN_OBJC_ROOT_CLASS = YES_ERROR;
				CLANG_WARN_QUOTED_INCLUDE_IN_FRAMEWORK_HEADER = YES;
				CLANG_WARN_RANGE_LOOP_ANALYSIS = YES;
				CLANG_WARN_STRICT_PROTOTYPES = YES;
				CLANG_WARN_SUSPICIOUS_MOVE = YES;
				CLANG_WARN_UNGUARDED_AVAILABILITY = YES_AGGRESSIVE;
				CLANG_WARN_UNREACHABLE_CODE = YES;
				CLANG_WARN__DUPLICATE_METHOD_MATCH = YES;
				COPY_PHASE_STRIP = NO;
				DEBUG_INFORMATION_FORMAT = dwarf;
				DEVELOPMENT_TEAM = MH62Y8D74P;
				ENABLE_STRICT_OBJC_MSGSEND = YES;
				ENABLE_TESTABILITY = YES;
				ENABLE_USER_SCRIPT_SANDBOXING = YES;
				GCC_C_LANGUAGE_STANDARD = gnu17;
				GCC_DYNAMIC_NO_PIC = NO;
				GCC_NO_COMMON_BLOCKS = YES;
				GCC_OPTIMIZATION_LEVEL = 0;
				GCC_PREPROCESSOR_DEFINITIONS = (
					"DEBUG=1",
					"$(inherited)",
				);
				GCC_WARN_64_TO_32_BIT_CONVERSION = YES;
				GCC_WARN_ABOUT_RETURN_TYPE = YES_ERROR;
				GCC_WARN_UNDECLARED_SELECTOR = YES;
				GCC_WARN_UNINITIALIZED_AUTOS = YES_AGGRESSIVE;
				GCC_WARN_UNUSED_FUNCTION = YES;
				GCC_WARN_UNUSED_VARIABLE = YES;
				IPHONEOS_DEPLOYMENT_TARGET = 18.5;
				LOCALIZATION_PREFERS_STRING_CATALOGS = YES;
				MTL_ENABLE_DEBUG_INFO = INCLUDE_SOURCE;
				MTL_FAST_MATH = YES;
				ONLY_ACTIVE_ARCH = YES;
				SDKROOT = iphoneos;
				SWIFT_ACTIVE_COMPILATION_CONDITIONS = "DEBUG $(inherited)";
				SWIFT_OPTIMIZATION_LEVEL = "-Onone";
			};
			name = Debug;
		};
		E8DB6CC52E49F69A00A351A8 /* Release */ = {
			isa = XCBuildConfiguration;
			buildSettings = {
				ALWAYS_SEARCH_USER_PATHS = NO;
				ASSETCATALOG_COMPILER_GENERATE_SWIFT_ASSET_SYMBOL_EXTENSIONS = YES;
				CLANG_ANALYZER_NONNULL = YES;
				CLANG_ANALYZER_NUMBER_OBJECT_CONVERSION = YES_AGGRESSIVE;
				CLANG_CXX_LANGUAGE_STANDARD = "gnu++20";
				CLANG_ENABLE_MODULES = YES;
				CLANG_ENABLE_OBJC_ARC = YES;
				CLANG_ENABLE_OBJC_WEAK = YES;
				CLANG_WARN_BLOCK_CAPTURE_AUTORELEASING = YES;
				CLANG_WARN_BOOL_CONVERSION = YES;
				CLANG_WARN_COMMA = YES;
				CLANG_WARN_CONSTANT_CONVERSION = YES;
				CLANG_WARN_DEPRECATED_OBJC_IMPLEMENTATIONS = YES;
				CLANG_WARN_DIRECT_OBJC_ISA_USAGE = YES_ERROR;
				CLANG_WARN_DOCUMENTATION_COMMENTS = YES;
				CLANG_WARN_EMPTY_BODY = YES;
				CLANG_WARN_ENUM_CONVERSION = YES;
				CLANG_WARN_INFINITE_RECURSION = YES;
				CLANG_WARN_INT_CONVERSION = YES;
				CLANG_WARN_NON_LITERAL_NULL_CONVERSION = YES;
				CLANG_WARN_OBJC_IMPLICIT_RETAIN_SELF = YES;
				CLANG_WARN_OBJC_LITERAL_CONVERSION = YES;
				CLANG_WARN_OBJC_ROOT_CLASS = YES_ERROR;
				CLANG_WARN_QUOTED_INCLUDE_IN_FRAMEWORK_HEADER = YES;
				CLANG_WARN_RANGE_LOOP_ANALYSIS = YES;
				CLANG_WARN_STRICT_PROTOTYPES = YES;
				CLANG_WARN_SUSPICIOUS_MOVE = YES;
				CLANG_WARN_UNGUARDED_AVAILABILITY = YES_AGGRESSIVE;
				CLANG_WARN_UNREACHABLE_CODE = YES;
				CLANG_WARN__DUPLICATE_METHOD_MATCH = YES;
				COPY_PHASE_STRIP = NO;
				DEBUG_INFORMATION_FORMAT = "dwarf-with-dsym";
				DEVELOPMENT_TEAM = MH62Y8D74P;
				ENABLE_NS_ASSERTIONS = NO;
				ENABLE_STRICT_OBJC_MSGSEND = YES;
				ENABLE_USER_SCRIPT_SANDBOXING = YES;
				GCC_C_LANGUAGE_STANDARD = gnu17;
				GCC_NO_COMMON_BLOCKS = YES;
				GCC_WARN_64_TO_32_BIT_CONVERSION = YES;
				GCC_WARN_ABOUT_RETURN_TYPE = YES_ERROR;
				GCC_WARN_UNDECLARED_SELECTOR = YES;
				GCC_WARN_UNINITIALIZED_AUTOS = YES_AGGRESSIVE;
				GCC_WARN_UNUSED_FUNCTION = YES;
				GCC_WARN_UNUSED_VARIABLE = YES;
				IPHONEOS_DEPLOYMENT_TARGET = 18.5;
				LOCALIZATION_PREFERS_STRING_CATALOGS = YES;
				MTL_ENABLE_DEBUG_INFO = NO;
				MTL_FAST_MATH = YES;
				SDKROOT = iphoneos;
				SWIFT_COMPILATION_MODE = wholemodule;
				VALIDATE_PRODUCT = YES;
			};
			name = Release;
		};
		E8DB6CC72E49F69A00A351A8 /* Debug */ = {
			isa = XCBuildConfiguration;
			buildSettings = {
				ASSETCATALOG_COMPILER_APPICON_NAME = AppIcon;
				ASSETCATALOG_COMPILER_GLOBAL_ACCENT_COLOR_NAME = AccentColor;
				CODE_SIGN_STYLE = Automatic;
				CURRENT_PROJECT_VERSION = 1;
				DEVELOPMENT_TEAM = MH62Y8D74P;
				ENABLE_PREVIEWS = YES;
				ENABLE_USER_SCRIPT_SANDBOXING = NO;
				GENERATE_INFOPLIST_FILE = YES;
				INFOPLIST_FILE = TimeWasters/Info.plist;
				INFOPLIST_KEY_NSHumanReadableCopyright = "Copyright (c) Steven Barnett 2025-";
				INFOPLIST_KEY_UIApplicationSceneManifest_Generation = YES;
				INFOPLIST_KEY_UIApplicationSupportsIndirectInputEvents = YES;
				INFOPLIST_KEY_UISupportedInterfaceOrientations_iPad = "UIInterfaceOrientationPortrait UIInterfaceOrientationPortraitUpsideDown UIInterfaceOrientationLandscapeLeft UIInterfaceOrientationLandscapeRight";
				INFOPLIST_KEY_UISupportedInterfaceOrientations_iPhone = "UIInterfaceOrientationPortrait UIInterfaceOrientationLandscapeLeft UIInterfaceOrientationLandscapeRight";
				IPHONEOS_DEPLOYMENT_TARGET = 18.0;
				LD_RUNPATH_SEARCH_PATHS = (
					"$(inherited)",
					"@executable_path/Frameworks",
				);
				MARKETING_VERSION = 1.0;
				PRODUCT_BUNDLE_IDENTIFIER = uk.co.sabarnett.TimeWasters;
				PRODUCT_NAME = "$(TARGET_NAME)";
				SUPPORTED_PLATFORMS = "iphoneos iphonesimulator";
				SUPPORTS_MACCATALYST = NO;
				SUPPORTS_XR_DESIGNED_FOR_IPHONE_IPAD = NO;
				SWIFT_EMIT_LOC_STRINGS = YES;
				SWIFT_VERSION = 6.0;
				TARGETED_DEVICE_FAMILY = 2;
			};
			name = Debug;
		};
		E8DB6CC82E49F69A00A351A8 /* Release */ = {
			isa = XCBuildConfiguration;
			buildSettings = {
				ASSETCATALOG_COMPILER_APPICON_NAME = AppIcon;
				ASSETCATALOG_COMPILER_GLOBAL_ACCENT_COLOR_NAME = AccentColor;
				CODE_SIGN_STYLE = Automatic;
				CURRENT_PROJECT_VERSION = 1;
				DEVELOPMENT_TEAM = MH62Y8D74P;
				ENABLE_PREVIEWS = YES;
				ENABLE_USER_SCRIPT_SANDBOXING = NO;
				GENERATE_INFOPLIST_FILE = YES;
				INFOPLIST_FILE = TimeWasters/Info.plist;
				INFOPLIST_KEY_NSHumanReadableCopyright = "Copyright (c) Steven Barnett 2025-";
				INFOPLIST_KEY_UIApplicationSceneManifest_Generation = YES;
				INFOPLIST_KEY_UIApplicationSupportsIndirectInputEvents = YES;
				INFOPLIST_KEY_UISupportedInterfaceOrientations_iPad = "UIInterfaceOrientationPortrait UIInterfaceOrientationPortraitUpsideDown UIInterfaceOrientationLandscapeLeft UIInterfaceOrientationLandscapeRight";
				INFOPLIST_KEY_UISupportedInterfaceOrientations_iPhone = "UIInterfaceOrientationPortrait UIInterfaceOrientationLandscapeLeft UIInterfaceOrientationLandscapeRight";
				IPHONEOS_DEPLOYMENT_TARGET = 18.0;
				LD_RUNPATH_SEARCH_PATHS = (
					"$(inherited)",
					"@executable_path/Frameworks",
				);
				MARKETING_VERSION = 1.0;
				PRODUCT_BUNDLE_IDENTIFIER = uk.co.sabarnett.TimeWasters;
				PRODUCT_NAME = "$(TARGET_NAME)";
				SUPPORTED_PLATFORMS = "iphoneos iphonesimulator";
				SUPPORTS_MACCATALYST = NO;
				SUPPORTS_XR_DESIGNED_FOR_IPHONE_IPAD = NO;
				SWIFT_EMIT_LOC_STRINGS = YES;
				SWIFT_VERSION = 6.0;
				TARGETED_DEVICE_FAMILY = 2;
			};
			name = Release;
		};
/* End XCBuildConfiguration section */

/* Begin XCConfigurationList section */
		E8DB6CB62E49F69900A351A8 /* Build configuration list for PBXProject "TimeWasters" */ = {
			isa = XCConfigurationList;
			buildConfigurations = (
				E8DB6CC42E49F69A00A351A8 /* Debug */,
				E8DB6CC52E49F69A00A351A8 /* Release */,
			);
			defaultConfigurationIsVisible = 0;
			defaultConfigurationName = Release;
		};
		E8DB6CC62E49F69A00A351A8 /* Build configuration list for PBXNativeTarget "TimeWasters" */ = {
			isa = XCConfigurationList;
			buildConfigurations = (
				E8DB6CC72E49F69A00A351A8 /* Debug */,
				E8DB6CC82E49F69A00A351A8 /* Release */,
			);
			defaultConfigurationIsVisible = 0;
			defaultConfigurationName = Release;
		};
/* End XCConfigurationList section */
	};
	rootObject = E8DB6CB32E49F69900A351A8 /* Project object */;
}
